
Microsoft Visual Studio Solution File, Format Version 11.00
# Visual Studio 2010
Project("{FAE04EC0-301F-11D3-BF4B-00C04F79EFBC}") = "Registro", "Registro\Registro.csproj", "{E234E520-33E0-4CE0-8939-5A58F41E0287}"
EndProject
Global
	GlobalSection(SolutionConfigurationPlatforms) = preSolution
		Debug|Any CPU = Debug|Any CPU
		Release|Any CPU = Release|Any CPU
	EndGlobalSection
	GlobalSection(ProjectConfigurationPlatforms) = postSolution
		{E234E520-33E0-4CE0-8939-5A58F41E0287}.Debug|Any CPU.ActiveCfg = Debug|Any CPU
		{E234E520-33E0-4CE0-8939-5A58F41E0287}.Debug|Any CPU.Build.0 = Debug|Any CPU
		{E234E520-33E0-4CE0-8939-5A58F41E0287}.Release|Any CPU.ActiveCfg = Release|Any CPU
		{E234E520-33E0-4CE0-8939-5A58F41E0287}.Release|Any CPU.Build.0 = Release|Any CPU
	EndGlobalSection
	GlobalSection(SolutionProperties) = preSolution
		HideSolutionNode = FALSE
	EndGlobalSection
EndGlobal
